{
  "object": {
    "pins": [
      {
        "package": "Charts",
        "repositoryURL": "https://github.com/danielgindi/Charts",
        "state": {
          "branch": null,
          "revision": "07b23476ad52b926be772f317d8f1d4511ee8d02",
          "version": "4.1.0"
        }
      },
      {
        "package": "PMKFoundation",
        "repositoryURL": "https://github.com/PromiseKit/Foundation.git",
        "state": {
          "branch": null,
          "revision": "985f17fa69ee0e5b7eb3ff9be87ffc4e05fc0927",
          "version": "3.4.0"
        }
      },
      {
        "package": "Hippolyte",
        "repositoryURL": "https://github.com/JanGorman/Hippolyte",
        "state": {
          "branch": null,
          "revision": "5b393c644c84877f36e461ae6d8209d35161e098",
          "version": "1.4.1"
        }
      },
      {
        "package": "PromiseKit",
        "repositoryURL": "https://github.com/mxcl/PromiseKit",
        "state": {
          "branch": null,
          "revision": "8a98e31a47854d3180882c8068cc4d9381bf382d",
          "version": "6.22.1"
        }
      },
      {
        "package": "Rexy",
        "repositoryURL": "https://github.com/vadymmarkov/Rexy",
        "state": {
          "branch": null,
          "revision": "3f4527608c5aced62d65ab6b4452cda69b716dbb",
          "version": "1.0.1"
        }
      },
      {
        "package": "swift-algorithms",
        "repositoryURL": "https://github.com/apple/swift-algorithms",
        "state": {
          "branch": null,
          "revision": "f6919dfc309e7f1b56224378b11e28bab5bccc42",
          "version": "1.2.0"
        }
      },
      {
        "package": "swift-numerics",
        "repositoryURL": "https://github.com/apple/swift-numerics.git",
        "state": {
          "branch": null,
          "revision": "0a5bc04095a675662cf24757cc0640aa2204253b",
          "version": "1.0.2"
        }
      },
      {
        "package": "SwiftProtobuf",
        "repositoryURL": "https://github.com/apple/swift-protobuf",
        "state": {
          "branch": null,
          "revision": "d57a5aecf24a25b32ec4a74be2f5d0a995a47c4b",
          "version": "1.27.0"
        }
      }
    ]
  },
  "version": 1
}
